
Microsoft Visual Studio Solution File, Format Version 12.00
# Visual Studio 2013
VisualStudioVersion = 12.0.31101.0
MinimumVisualStudioVersion = 10.0.40219.1
Project("{FAE04EC0-301F-11D3-BF4B-00C04F79EFBC}") = "WcfService1", "WcfService1\WcfService1.csproj", "{BD208138-9289-4BC3-B765-D46BFFBDDAB9}"
EndProject
Project("{FAE04EC0-301F-11D3-BF4B-00C04F79EFBC}") = "WcfService1.Test", "WcfService.Test\WcfService1.Test.csproj", "{50FE1F5F-B15E-4DFB-B144-FA1475147899}"
EndProject
Global
	GlobalSection(SolutionConfigurationPlatforms) = preSolution
		Debug|Any CPU = Debug|Any CPU
		Release|Any CPU = Release|Any CPU
	EndGlobalSection
	GlobalSection(ProjectConfigurationPlatforms) = postSolution
		{BD208138-9289-4BC3-B765-D46BFFBDDAB9}.Debug|Any CPU.ActiveCfg = Debug|Any CPU
		{BD208138-9289-4BC3-B765-D46BFFBDDAB9}.Debug|Any CPU.Build.0 = Debug|Any CPU
		{BD208138-9289-4BC3-B765-D46BFFBDDAB9}.Release|Any CPU.ActiveCfg = Release|Any CPU
		{BD208138-9289-4BC3-B765-D46BFFBDDAB9}.Release|Any CPU.Build.0 = Release|Any CPU
		{50FE1F5F-B15E-4DFB-B144-FA1475147899}.Debug|Any CPU.ActiveCfg = Debug|Any CPU
		{50FE1F5F-B15E-4DFB-B144-FA1475147899}.Debug|Any CPU.Build.0 = Debug|Any CPU
		{50FE1F5F-B15E-4DFB-B144-FA1475147899}.Release|Any CPU.ActiveCfg = Release|Any CPU
		{50FE1F5F-B15E-4DFB-B144-FA1475147899}.Release|Any CPU.Build.0 = Release|Any CPU
	EndGlobalSection
	GlobalSection(SolutionProperties) = preSolution
		HideSolutionNode = FALSE
	EndGlobalSection
EndGlobal
